
Microsoft Visual Studio Solution File, Format Version 12.00
# Visual Studio Version 16
VisualStudioVersion = 16.0.30611.23
MinimumVisualStudioVersion = 10.0.40219.1
Project("{FAE04EC0-301F-11D3-BF4B-00C04F79EFBC}") = "Lab3", "Lab3.csproj", "{5D963716-ACF9-416C-81BC-E91B11770FED}"
EndProject
Global
	GlobalSection(SolutionConfigurationPlatforms) = preSolution
		Debug|Any CPU = Debug|Any CPU
		Release|Any CPU = Release|Any CPU
	EndGlobalSection
	GlobalSection(ProjectConfigurationPlatforms) = postSolution
		{5D963716-ACF9-416C-81BC-E91B11770FED}.Debug|Any CPU.ActiveCfg = Debug|Any CPU
		{5D963716-ACF9-416C-81BC-E91B11770FED}.Debug|Any CPU.Build.0 = Debug|Any CPU
		{5D963716-ACF9-416C-81BC-E91B11770FED}.Release|Any CPU.ActiveCfg = Release|Any CPU
		{5D963716-ACF9-416C-81BC-E91B11770FED}.Release|Any CPU.Build.0 = Release|Any CPU
	EndGlobalSection
	GlobalSection(SolutionProperties) = preSolution
		HideSolutionNode = FALSE
	EndGlobalSection
	GlobalSection(ExtensibilityGlobals) = postSolution
		SolutionGuid = {265FBDDC-C8EC-43FF-AD0B-FD801A894CA9}
	EndGlobalSection
EndGlobal
